
Microsoft Visual Studio Solution File, Format Version 12.00
# Visual Studio Version 17
VisualStudioVersion = 17.11.35219.272
MinimumVisualStudioVersion = 10.0.40219.1
Project("{FAE04EC0-301F-11D3-BF4B-00C04F79EFBC}") = "MiPrimerForm", "MiPrimerForm\MiPrimerForm.csproj", "{20B0AEBE-7250-40F5-9903-A115F3E563AE}"
EndProject
Global
	GlobalSection(SolutionConfigurationPlatforms) = preSolution
		Debug|Any CPU = Debug|Any CPU
		Release|Any CPU = Release|Any CPU
	EndGlobalSection
	GlobalSection(ProjectConfigurationPlatforms) = postSolution
		{20B0AEBE-7250-40F5-9903-A115F3E563AE}.Debug|Any CPU.ActiveCfg = Debug|Any CPU
		{20B0AEBE-7250-40F5-9903-A115F3E563AE}.Debug|Any CPU.Build.0 = Debug|Any CPU
		{20B0AEBE-7250-40F5-9903-A115F3E563AE}.Release|Any CPU.ActiveCfg = Release|Any CPU
		{20B0AEBE-7250-40F5-9903-A115F3E563AE}.Release|Any CPU.Build.0 = Release|Any CPU
	EndGlobalSection
	GlobalSection(SolutionProperties) = preSolution
		HideSolutionNode = FALSE
	EndGlobalSection
	GlobalSection(ExtensibilityGlobals) = postSolution
		SolutionGuid = {60191571-A1A0-4C06-828C-6E566A1F2C06}
	EndGlobalSection
EndGlobal
